// !$*UTF8*$!
{
	archiveVersion = 1;
	classes = {
	};
	objectVersion = 50;
	objects = {

/* Begin PBXBuildFile section */
		220924B52109A42A001A877F /* IMG_0032.png in Resources */ = {isa = PBXBuildFile; fileRef = 220924B42109A42A001A877F /* IMG_0032.png */; };
		220924B72109AB2B001A877F /* IMG_0020.JPG in Resources */ = {isa = PBXBuildFile; fileRef = 220924B62109AB2B001A877F /* IMG_0020.JPG */; };
		22E2B051210814E300F591E3 /* AppDelegate.swift in Sources */ = {isa = PBXBuildFile; fileRef = 22E2B050210814E300F591E3 /* AppDelegate.swift */; };
		22E2B053210814E300F591E3 /* ViewController.swift in Sources */ = {isa = PBXBuildFile; fileRef = 22E2B052210814E300F591E3 /* ViewController.swift */; };
		22E2B056210814E300F591E3 /* Main.storyboard in Resources */ = {isa = PBXBuildFile; fileRef = 22E2B054210814E300F591E3 /* Main.storyboard */; };
		22E2B058210814E500F591E3 /* Assets.xcassets in Resources */ = {isa = PBXBuildFile; fileRef = 22E2B057210814E500F591E3 /* Assets.xcassets */; };
		22E2B05B210814E500F591E3 /* LaunchScreen.storyboard in Resources */ = {isa = PBXBuildFile; fileRef = 22E2B059210814E500F591E3 /* LaunchScreen.storyboard */; };
		22E2B06321083C5500F591E3 /* IMG_0016.PNG in Resources */ = {isa = PBXBuildFile; fileRef = 22E2B06221083C5500F591E3 /* IMG_0016.PNG */; };
		22E2B0652108433E00F591E3 /* IMG_0021.JPG in Resources */ = {isa = PBXBuildFile; fileRef = 22E2B0642108433E00F591E3 /* IMG_0021.JPG */; };
/* End PBXBuildFile section */

/* Begin PBXFileReference section */
		220924B42109A42A001A877F /* IMG_0032.png */ = {isa = PBXFileReference; lastKnownFileType = image.png; path = IMG_0032.png; sourceTree = "<group>"; };
		220924B62109AB2B001A877F /* IMG_0020.JPG */ = {isa = PBXFileReference; lastKnownFileType = image.jpeg; path = IMG_0020.JPG; sourceTree = "<group>"; };
		22E2B04D210814E300F591E3 /* PhotoImageFileSizeDemo.app */ = {isa = PBXFileReference; explicitFileType = wrapper.application; includeInIndex = 0; path = PhotoImageFileSizeDemo.app; sourceTree = BUILT_PRODUCTS_DIR; };
		22E2B050210814E300F591E3 /* AppDelegate.swift */ = {isa = PBXFileReference; lastKnownFileType = sourcecode.swift; path = AppDelegate.swift; sourceTree = "<group>"; };
		22E2B052210814E300F591E3 /* ViewController.swift */ = {isa = PBXFileReference; lastKnownFileType = sourcecode.swift; path = ViewController.swift; sourceTree = "<group>"; };
		22E2B055210814E300F591E3 /* Base */ = {isa = PBXFileReference; lastKnownFileType = file.storyboard; name = Base; path = Base.lproj/Main.storyboard; sourceTree = "<group>"; };
		22E2B057210814E500F591E3 /* Assets.xcassets */ = {isa = PBXFileReference; lastKnownFileType = folder.assetcatalog; path = Assets.xcassets; sourceTree = "<group>"; };
		22E2B05A210814E500F591E3 /* Base */ = {isa = PBXFileReference; lastKnownFileType = file.storyboard; name = Base; path = Base.lproj/LaunchScreen.storyboard; sourceTree = "<group>"; };
		22E2B05C210814E500F591E3 /* Info.plist */ = {isa = PBXFileReference; lastKnownFileType = text.plist.xml; path = Info.plist; sourceTree = "<group>"; };
		22E2B06221083C5500F591E3 /* IMG_0016.PNG */ = {isa = PBXFileReference; lastKnownFileType = image.png; path = IMG_0016.PNG; sourceTree = "<group>"; };
		22E2B0642108433E00F591E3 /* IMG_0021.JPG */ = {isa = PBXFileReference; lastKnownFileType = image.jpeg; path = IMG_0021.JPG; sourceTree = "<group>"; };
/* End PBXFileReference section */

/* Begin PBXFrameworksBuildPhase section */
		22E2B04A210814E300F591E3 /* Frameworks */ = {
			isa = PBXFrameworksBuildPhase;
			buildActionMask = 2147483647;
			files = (
			);
			runOnlyForDeploymentPostprocessing = 0;
		};
/* End PBXFrameworksBuildPhase section */

/* Begin PBXGroup section */
		22E2B044210814E300F591E3 = {
			isa = PBXGroup;
			children = (
				22E2B04F210814E300F591E3 /* PhotoImageFileSizeDemo */,
				22E2B04E210814E300F591E3 /* Products */,
			);
			sourceTree = "<group>";
		};
		22E2B04E210814E300F591E3 /* Products */ = {
			isa = PBXGroup;
			children = (
				22E2B04D210814E300F591E3 /* PhotoImageFileSizeDemo.app */,
			);
			name = Products;
			sourceTree = "<group>";
		};
		22E2B04F210814E300F591E3 /* PhotoImageFileSizeDemo */ = {
			isa = PBXGroup;
			children = (
				22E2B050210814E300F591E3 /* AppDelegate.swift */,
				22E2B052210814E300F591E3 /* ViewController.swift */,
				22E2B054210814E300F591E3 /* Main.storyboard */,
				22E2B057210814E500F591E3 /* Assets.xcassets */,
				22E2B059210814E500F591E3 /* LaunchScreen.storyboard */,
				22E2B06221083C5500F591E3 /* IMG_0016.PNG */,
				220924B62109AB2B001A877F /* IMG_0020.JPG */,
				22E2B0642108433E00F591E3 /* IMG_0021.JPG */,
				220924B42109A42A001A877F /* IMG_0032.png */,
				22E2B05C210814E500F591E3 /* Info.plist */,
			);
			path = PhotoImageFileSizeDemo;
			sourceTree = "<group>";
		};
/* End PBXGroup section */

/* Begin PBXNativeTarget section */
		22E2B04C210814E300F591E3 /* PhotoImageFileSizeDemo */ = {
			isa = PBXNativeTarget;
			buildConfigurationList = 22E2B05F210814E500F591E3 /* Build configuration list for PBXNativeTarget "PhotoImageFileSizeDemo" */;
			buildPhases = (
				22E2B049210814E300F591E3 /* Sources */,
				22E2B04A210814E300F591E3 /* Frameworks */,
				22E2B04B210814E300F591E3 /* Resources */,
			);
			buildRules = (
			);
			dependencies = (
			);
			name = PhotoImageFileSizeDemo;
			productName = PhotoImageFileSizeDemo;
			productReference = 22E2B04D210814E300F591E3 /* PhotoImageFileSizeDemo.app */;
			productType = "com.apple.product-type.application";
		};
/* End PBXNativeTarget section */

/* Begin PBXProject section */
		22E2B045210814E300F591E3 /* Project object */ = {
			isa = PBXProject;
			attributes = {
				LastSwiftUpdateCheck = 0930;
				LastUpgradeCheck = 0930;
				ORGANIZATIONNAME = xin;
				TargetAttributes = {
					22E2B04C210814E300F591E3 = {
						CreatedOnToolsVersion = 9.3.1;
					};
				};
			};
			buildConfigurationList = 22E2B048210814E300F591E3 /* Build configuration list for PBXProject "PhotoImageFileSizeDemo" */;
			compatibilityVersion = "Xcode 9.3";
			developmentRegion = en;
			hasScannedForEncodings = 0;
			knownRegions = (
				en,
				Base,
			);
			mainGroup = 22E2B044210814E300F591E3;
			productRefGroup = 22E2B04E210814E300F591E3 /* Products */;
			projectDirPath = "";
			projectRoot = "";
			targets = (
				22E2B04C210814E300F591E3 /* PhotoImageFileSizeDemo */,
			);
		};
/* End PBXProject section */

/* Begin PBXResourcesBuildPhase section */
		22E2B04B210814E300F591E3 /* Resources */ = {
			isa = PBXResourcesBuildPhase;
			buildActionMask = 2147483647;
			files = (
				22E2B05B210814E500F591E3 /* LaunchScreen.storyboard in Resources */,
				22E2B058210814E500F591E3 /* Assets.xcassets in Resources */,
				220924B72109AB2B001A877F /* IMG_0020.JPG in Resources */,
				220924B52109A42A001A877F /* IMG_0032.png in Resources */,
				22E2B06321083C5500F591E3 /* IMG_0016.PNG in Resources */,
				22E2B0652108433E00F591E3 /* IMG_0021.JPG in Resources */,
				22E2B056210814E300F591E3 /* Main.storyboard in Resources */,
			);
			runOnlyForDeploymentPostprocessing = 0;
		};
/* End PBXResourcesBuildPhase section */

/* Begin PBXSourcesBuildPhase section */
		22E2B049210814E300F591E3 /* Sources */ = {
			isa = PBXSourcesBuildPhase;
			buildActionMask = 2147483647;
			files = (
				22E2B053210814E300F591E3 /* ViewController.swift in Sources */,
				22E2B051210814E300F591E3 /* AppDelegate.swift in Sources */,
			);
			runOnlyForDeploymentPostprocessing = 0;
		};
/* End PBXSourcesBuildPhase section */

/* Begin PBXVariantGroup section */
		22E2B054210814E300F591E3 /* Main.storyboard */ = {
			isa = PBXVariantGroup;
			children = (
				22E2B055210814E300F591E3 /* Base */,
			);
			name = Main.storyboard;
			sourceTree = "<group>";
		};
		22E2B059210814E500F591E3 /* LaunchScreen.storyboard */ = {
			isa = PBXVariantGroup;
			children = (
				22E2B05A210814E500F591E3 /* Base */,
			);
			name = LaunchScreen.storyboard;
			sourceTree = "<group>";
		};
/* End PBXVariantGroup section */

/* Begin XCBuildConfiguration section */
		22E2B05D210814E500F591E3 /* Debug */ = {
			isa = XCBuildConfiguration;
			buildSettings = {
				ALWAYS_SEARCH_USER_PATHS = NO;
				CLANG_ANALYZER_NONNULL = YES;
				CLANG_ANALYZER_NUMBER_OBJECT_CONVERSION = YES_AGGRESSIVE;
				CLANG_CXX_LANGUAGE_STANDARD = "gnu++14";
				CLANG_CXX_LIBRARY = "libc++";
				CLANG_ENABLE_MODULES = YES;
				CLANG_ENABLE_OBJC_ARC = YES;
				CLANG_ENABLE_OBJC_WEAK = YES;
				CLANG_WARN_BLOCK_CAPTURE_AUTORELEASING = YES;
				CLANG_WARN_BOOL_CONVERSION = YES;
				CLANG_WARN_COMMA = YES;
				CLANG_WARN_CONSTANT_CONVERSION = YES;
				CLANG_WARN_DEPRECATED_OBJC_IMPLEMENTATIONS = YES;
				CLANG_WARN_DIRECT_OBJC_ISA_USAGE = YES_ERROR;
				CLANG_WARN_DOCUMENTATION_COMMENTS = YES;
				CLANG_WARN_EMPTY_BODY = YES;
				CLANG_WARN_ENUM_CONVERSION = YES;
				CLANG_WARN_INFINITE_RECURSION = YES;
				CLANG_WARN_INT_CONVERSION = YES;
				CLANG_WARN_NON_LITERAL_NULL_CONVERSION = YES;
				CLANG_WARN_OBJC_IMPLICIT_RETAIN_SELF = YES;
				CLANG_WARN_OBJC_LITERAL_CONVERSION = YES;
				CLANG_WARN_OBJC_ROOT_CLASS = YES_ERROR;
				CLANG_WARN_RANGE_LOOP_ANALYSIS = YES;
				CLANG_WARN_STRICT_PROTOTYPES = YES;
				CLANG_WARN_SUSPICIOUS_MOVE = YES;
				CLANG_WARN_UNGUARDED_AVAILABILITY = YES_AGGRESSIVE;
				CLANG_WARN_UNREACHABLE_CODE = YES;
				CLANG_WARN__DUPLICATE_METHOD_MATCH = YES;
				CODE_SIGN_IDENTITY = "iPhone Developer";
				COPY_PHASE_STRIP = NO;
				DEBUG_INFORMATION_FORMAT = dwarf;
				ENABLE_STRICT_OBJC_MSGSEND = YES;
				ENABLE_TESTABILITY = YES;
				GCC_C_LANGUAGE_STANDARD = gnu11;
				GCC_DYNAMIC_NO_PIC = NO;
				GCC_NO_COMMON_BLOCKS = YES;
				GCC_OPTIMIZATION_LEVEL = 0;
				GCC_PREPROCESSOR_DEFINITIONS = (
					"DEBUG=1",
					"$(inherited)",
				);
				GCC_WARN_64_TO_32_BIT_CONVERSION = YES;
				GCC_WARN_ABOUT_RETURN_TYPE = YES_ERROR;
				GCC_WARN_UNDECLARED_SELECTOR = YES;
				GCC_WARN_UNINITIALIZED_AUTOS = YES_AGGRESSIVE;
				GCC_WARN_UNUSED_FUNCTION = YES;
				GCC_WARN_UNUSED_VARIABLE = YES;
				IPHONEOS_DEPLOYMENT_TARGET = 11.3;
				MTL_ENABLE_DEBUG_INFO = YES;
				ONLY_ACTIVE_ARCH = YES;
				SDKROOT = iphoneos;
				SWIFT_ACTIVE_COMPILATION_CONDITIONS = DEBUG;
				SWIFT_OPTIMIZATION_LEVEL = "-Onone";
			};
			name = Debug;
		};
		22E2B05E210814E500F591E3 /* Release */ = {
			isa = XCBuildConfiguration;
			buildSettings = {
				ALWAYS_SEARCH_USER_PATHS = NO;
				CLANG_ANALYZER_NONNULL = YES;
				CLANG_ANALYZER_NUMBER_OBJECT_CONVERSION = YES_AGGRESSIVE;
				CLANG_CXX_LANGUAGE_STANDARD = "gnu++14";
				CLANG_CXX_LIBRARY = "libc++";
				CLANG_ENABLE_MODULES = YES;
				CLANG_ENABLE_OBJC_ARC = YES;
				CLANG_ENABLE_OBJC_WEAK = YES;
				CLANG_WARN_BLOCK_CAPTURE_AUTORELEASING = YES;
				CLANG_WARN_BOOL_CONVERSION = YES;
				CLANG_WARN_COMMA = YES;
				CLANG_WARN_CONSTANT_CONVERSION = YES;
				CLANG_WARN_DEPRECATED_OBJC_IMPLEMENTATIONS = YES;
				CLANG_WARN_DIRECT_OBJC_ISA_USAGE = YES_ERROR;
				CLANG_WARN_DOCUMENTATION_COMMENTS = YES;
				CLANG_WARN_EMPTY_BODY = YES;
				CLANG_WARN_ENUM_CONVERSION = YES;
				CLANG_WARN_INFINITE_RECURSION = YES;
				CLANG_WARN_INT_CONVERSION = YES;
				CLANG_WARN_NON_LITERAL_NULL_CONVERSION = YES;
				CLANG_WARN_OBJC_IMPLICIT_RETAIN_SELF = YES;
				CLANG_WARN_OBJC_LITERAL_CONVERSION = YES;
				CLANG_WARN_OBJC_ROOT_CLASS = YES_ERROR;
				CLANG_WARN_RANGE_LOOP_ANALYSIS = YES;
				CLANG_WARN_STRICT_PROTOTYPES = YES;
				CLANG_WARN_SUSPICIOUS_MOVE = YES;
				CLANG_WARN_UNGUARDED_AVAILABILITY = YES_AGGRESSIVE;
				CLANG_WARN_UNREACHABLE_CODE = YES;
				CLANG_WARN__DUPLICATE_METHOD_MATCH = YES;
				CODE_SIGN_IDENTITY = "iPhone Developer";
				COPY_PHASE_STRIP = NO;
				DEBUG_INFORMATION_FORMAT = "dwarf-with-dsym";
				ENABLE_NS_ASSERTIONS = NO;
				ENABLE_STRICT_OBJC_MSGSEND = YES;
				GCC_C_LANGUAGE_STANDARD = gnu11;
				GCC_NO_COMMON_BLOCKS = YES;
				GCC_WARN_64_TO_32_BIT_CONVERSION = YES;
				GCC_WARN_ABOUT_RETURN_TYPE = YES_ERROR;
				GCC_WARN_UNDECLARED_SELECTOR = YES;
				GCC_WARN_UNINITIALIZED_AUTOS = YES_AGGRESSIVE;
				GCC_WARN_UNUSED_FUNCTION = YES;
				GCC_WARN_UNUSED_VARIABLE = YES;
				IPHONEOS_DEPLOYMENT_TARGET = 11.3;
				MTL_ENABLE_DEBUG_INFO = NO;
				SDKROOT = iphoneos;
				SWIFT_COMPILATION_MODE = wholemodule;
				SWIFT_OPTIMIZATION_LEVEL = "-O";
				VALIDATE_PRODUCT = YES;
			};
			name = Release;
		};
		22E2B060210814E500F591E3 /* Debug */ = {
			isa = XCBuildConfiguration;
			buildSettings = {
				ASSETCATALOG_COMPILER_APPICON_NAME = AppIcon;
				CODE_SIGN_STYLE = Manual;
				DEVELOPMENT_TEAM = 7QFJ7CVQ97;
				INFOPLIST_FILE = PhotoImageFileSizeDemo/Info.plist;
				IPHONEOS_DEPLOYMENT_TARGET = 9.0;
				LD_RUNPATH_SEARCH_PATHS = (
					"$(inherited)",
					"@executable_path/Frameworks",
				);
				PRODUCT_BUNDLE_IDENTIFIER = com.xin.PhotoImageFileSizeDemo;
				PRODUCT_NAME = "$(TARGET_NAME)";
				PROVISIONING_PROFILE = "c8480f80-0764-47ff-9a87-c3a81cea0c57";
				PROVISIONING_PROFILE_SPECIFIER = "CikeLive ALL Developer";
				SWIFT_VERSION = 4.0;
				TARGETED_DEVICE_FAMILY = "1,2";
			};
			name = Debug;
		};
		22E2B061210814E500F591E3 /* Release */ = {
			isa = XCBuildConfiguration;
			buildSettings = {
				ASSETCATALOG_COMPILER_APPICON_NAME = AppIcon;
				CODE_SIGN_STYLE = Manual;
				DEVELOPMENT_TEAM = "";
				INFOPLIST_FILE = PhotoImageFileSizeDemo/Info.plist;
				IPHONEOS_DEPLOYMENT_TARGET = 9.0;
				LD_RUNPATH_SEARCH_PATHS = (
					"$(inherited)",
					"@executable_path/Frameworks",
				);
				PRODUCT_BUNDLE_IDENTIFIER = com.xin.PhotoImageFileSizeDemo;
				PRODUCT_NAME = "$(TARGET_NAME)";
				PROVISIONING_PROFILE_SPECIFIER = "";
				SWIFT_VERSION = 4.0;
				TARGETED_DEVICE_FAMILY = "1,2";
			};
			name = Release;
		};
/* End XCBuildConfiguration section */

/* Begin XCConfigurationList section */
		22E2B048210814E300F591E3 /* Build configuration list for PBXProject "PhotoImageFileSizeDemo" */ = {
			isa = XCConfigurationList;
			buildConfigurations = (
				22E2B05D210814E500F591E3 /* Debug */,
				22E2B05E210814E500F591E3 /* Release */,
			);
			defaultConfigurationIsVisible = 0;
			defaultConfigurationName = Release;
		};
		22E2B05F210814E500F591E3 /* Build configuration list for PBXNativeTarget "PhotoImageFileSizeDemo" */ = {
			isa = XCConfigurationList;
			buildConfigurations = (
				22E2B060210814E500F591E3 /* Debug */,
				22E2B061210814E500F591E3 /* Release */,
			);
			defaultConfigurationIsVisible = 0;
			defaultConfigurationName = Release;
		};
/* End XCConfigurationList section */
	};
	rootObject = 22E2B045210814E300F591E3 /* Project object */;
}
